// !$*UTF8*$!
{
	archiveVersion = 1;
	classes = {
	};
	objectVersion = 46;
	objects = {

/* Begin PBXBuildFile section */
		060566D71E361BD60027AF4D /* main.m in Sources */ = {isa = PBXBuildFile; fileRef = 060566D61E361BD60027AF4D /* main.m */; };
		060566DA1E361BD60027AF4D /* AppDelegate.m in Sources */ = {isa = PBXBuildFile; fileRef = 060566D91E361BD60027AF4D /* AppDelegate.m */; };
		060566DD1E361BD60027AF4D /* ViewController.m in Sources */ = {isa = PBXBuildFile; fileRef = 060566DC1E361BD60027AF4D /* ViewController.m */; };
		060566E01E361BD60027AF4D /* Main.storyboard in Resources */ = {isa = PBXBuildFile; fileRef = 060566DE1E361BD60027AF4D /* Main.storyboard */; };
		060566E21E361BD60027AF4D /* Assets.xcassets in Resources */ = {isa = PBXBuildFile; fileRef = 060566E11E361BD60027AF4D /* Assets.xcassets */; };
		060566E51E361BD60027AF4D /* LaunchScreen.storyboard in Resources */ = {isa = PBXBuildFile; fileRef = 060566E31E361BD60027AF4D /* LaunchScreen.storyboard */; };
		060566EE1E361BF60027AF4D /* OneViewController.m in Sources */ = {isa = PBXBuildFile; fileRef = 060566ED1E361BF60027AF4D /* OneViewController.m */; };
		060566F11E361BFE0027AF4D /* TwoViewController.m in Sources */ = {isa = PBXBuildFile; fileRef = 060566F01E361BFE0027AF4D /* TwoViewController.m */; };
		060B892F1E5FD29800153740 /* libbz2.tbd in Frameworks */ = {isa = PBXBuildFile; fileRef = 060B892E1E5FD29800153740 /* libbz2.tbd */; };
		060B89811E5FD5B700153740 /* NSArray+BlocksKit.m in Sources */ = {isa = PBXBuildFile; fileRef = 060B89341E5FD5B700153740 /* NSArray+BlocksKit.m */; };
		060B89821E5FD5B700153740 /* NSDictionary+BlocksKit.m in Sources */ = {isa = PBXBuildFile; fileRef = 060B89361E5FD5B700153740 /* NSDictionary+BlocksKit.m */; };
		060B89831E5FD5B700153740 /* NSIndexSet+BlocksKit.m in Sources */ = {isa = PBXBuildFile; fileRef = 060B89381E5FD5B700153740 /* NSIndexSet+BlocksKit.m */; };
		060B89841E5FD5B700153740 /* NSInvocation+BlocksKit.m in Sources */ = {isa = PBXBuildFile; fileRef = 060B893A1E5FD5B700153740 /* NSInvocation+BlocksKit.m */; };
		060B89851E5FD5B700153740 /* NSMapTable+BlocksKit.m in Sources */ = {isa = PBXBuildFile; fileRef = 060B893C1E5FD5B700153740 /* NSMapTable+BlocksKit.m */; };
		060B89861E5FD5B700153740 /* NSMutableArray+BlocksKit.m in Sources */ = {isa = PBXBuildFile; fileRef = 060B893E1E5FD5B700153740 /* NSMutableArray+BlocksKit.m */; };
		060B89871E5FD5B700153740 /* NSMutableDictionary+BlocksKit.m in Sources */ = {isa = PBXBuildFile; fileRef = 060B89401E5FD5B700153740 /* NSMutableDictionary+BlocksKit.m */; };
		060B89881E5FD5B700153740 /* NSMutableIndexSet+BlocksKit.m in Sources */ = {isa = PBXBuildFile; fileRef = 060B89421E5FD5B700153740 /* NSMutableIndexSet+BlocksKit.m */; };
		060B89891E5FD5B700153740 /* NSMutableOrderedSet+BlocksKit.m in Sources */ = {isa = PBXBuildFile; fileRef = 060B89441E5FD5B700153740 /* NSMutableOrderedSet+BlocksKit.m */; };
		060B898A1E5FD5B700153740 /* NSMutableSet+BlocksKit.m in Sources */ = {isa = PBXBuildFile; fileRef = 060B89461E5FD5B700153740 /* NSMutableSet+BlocksKit.m */; };
		060B898B1E5FD5B700153740 /* NSNumber+BlocksKit.m in Sources */ = {isa = PBXBuildFile; fileRef = 060B89481E5FD5B700153740 /* NSNumber+BlocksKit.m */; };
		060B898C1E5FD5B700153740 /* NSObject+BKAssociatedObjects.m in Sources */ = {isa = PBXBuildFile; fileRef = 060B894A1E5FD5B700153740 /* NSObject+BKAssociatedObjects.m */; };
		060B898D1E5FD5B700153740 /* NSObject+BKBlockExecution.m in Sources */ = {isa = PBXBuildFile; fileRef = 060B894C1E5FD5B700153740 /* NSObject+BKBlockExecution.m */; };
		060B898E1E5FD5B700153740 /* NSObject+BKBlockObservation.m in Sources */ = {isa = PBXBuildFile; fileRef = 060B894E1E5FD5B700153740 /* NSObject+BKBlockObservation.m */; };
		060B898F1E5FD5B700153740 /* NSOrderedSet+BlocksKit.m in Sources */ = {isa = PBXBuildFile; fileRef = 060B89501E5FD5B700153740 /* NSOrderedSet+BlocksKit.m */; };
		060B89901E5FD5B700153740 /* NSSet+BlocksKit.m in Sources */ = {isa = PBXBuildFile; fileRef = 060B89521E5FD5B700153740 /* NSSet+BlocksKit.m */; };
		060B89911E5FD5B700153740 /* NSTimer+BlocksKit.m in Sources */ = {isa = PBXBuildFile; fileRef = 060B89541E5FD5B700153740 /* NSTimer+BlocksKit.m */; };
		060B89921E5FD5B700153740 /* A2BlockInvocation.m in Sources */ = {isa = PBXBuildFile; fileRef = 060B89571E5FD5B700153740 /* A2BlockInvocation.m */; };
		060B89931E5FD5B700153740 /* A2DynamicDelegate.m in Sources */ = {isa = PBXBuildFile; fileRef = 060B89591E5FD5B700153740 /* A2DynamicDelegate.m */; };
		060B89941E5FD5B700153740 /* NSCache+BlocksKit.m in Sources */ = {isa = PBXBuildFile; fileRef = 060B895C1E5FD5B700153740 /* NSCache+BlocksKit.m */; };
		060B89951E5FD5B700153740 /* NSURLConnection+BlocksKit.m in Sources */ = {isa = PBXBuildFile; fileRef = 060B895E1E5FD5B700153740 /* NSURLConnection+BlocksKit.m */; };
		060B89961E5FD5B700153740 /* NSObject+A2BlockDelegate.m in Sources */ = {isa = PBXBuildFile; fileRef = 060B89601E5FD5B700153740 /* NSObject+A2BlockDelegate.m */; };
		060B89971E5FD5B700153740 /* NSObject+A2DynamicDelegate.m in Sources */ = {isa = PBXBuildFile; fileRef = 060B89621E5FD5B700153740 /* NSObject+A2DynamicDelegate.m */; };
		060B89981E5FD5B700153740 /* MFMailComposeViewController+BlocksKit.m in Sources */ = {isa = PBXBuildFile; fileRef = 060B89651E5FD5B700153740 /* MFMailComposeViewController+BlocksKit.m */; };
		060B89991E5FD5B700153740 /* MFMessageComposeViewController+BlocksKit.m in Sources */ = {isa = PBXBuildFile; fileRef = 060B89671E5FD5B700153740 /* MFMessageComposeViewController+BlocksKit.m */; };
		060B899A1E5FD5B700153740 /* UIActionSheet+BlocksKit.m in Sources */ = {isa = PBXBuildFile; fileRef = 060B896A1E5FD5B700153740 /* UIActionSheet+BlocksKit.m */; };
		060B899B1E5FD5B700153740 /* UIAlertView+BlocksKit.m in Sources */ = {isa = PBXBuildFile; fileRef = 060B896C1E5FD5B700153740 /* UIAlertView+BlocksKit.m */; };
		060B899C1E5FD5B700153740 /* UIBarButtonItem+BlocksKit.m in Sources */ = {isa = PBXBuildFile; fileRef = 060B896E1E5FD5B700153740 /* UIBarButtonItem+BlocksKit.m */; };
		060B899D1E5FD5B700153740 /* UIControl+BlocksKit.m in Sources */ = {isa = PBXBuildFile; fileRef = 060B89701E5FD5B700153740 /* UIControl+BlocksKit.m */; };
		060B899E1E5FD5B700153740 /* UIGestureRecognizer+BlocksKit.m in Sources */ = {isa = PBXBuildFile; fileRef = 060B89721E5FD5B700153740 /* UIGestureRecognizer+BlocksKit.m */; };
		060B899F1E5FD5B700153740 /* UIImage+BlocksKit.m in Sources */ = {isa = PBXBuildFile; fileRef = 060B89741E5FD5B700153740 /* UIImage+BlocksKit.m */; };
		060B89A01E5FD5B700153740 /* UIImagePickerController+BlocksKit.m in Sources */ = {isa = PBXBuildFile; fileRef = 060B89761E5FD5B700153740 /* UIImagePickerController+BlocksKit.m */; };
		060B89A11E5FD5B700153740 /* UIPopoverController+BlocksKit.m in Sources */ = {isa = PBXBuildFile; fileRef = 060B89781E5FD5B700153740 /* UIPopoverController+BlocksKit.m */; };
		060B89A21E5FD5B700153740 /* UITextField+BlocksKit.m in Sources */ = {isa = PBXBuildFile; fileRef = 060B897A1E5FD5B700153740 /* UITextField+BlocksKit.m */; };
		060B89A31E5FD5B700153740 /* UITextView+BlocksKit.m in Sources */ = {isa = PBXBuildFile; fileRef = 060B897C1E5FD5B700153740 /* UITextView+BlocksKit.m */; };
		060B89A41E5FD5B700153740 /* UIView+BlocksKit.m in Sources */ = {isa = PBXBuildFile; fileRef = 060B897E1E5FD5B700153740 /* UIView+BlocksKit.m */; };
		060B89A51E5FD5B700153740 /* UIWebView+BlocksKit.m in Sources */ = {isa = PBXBuildFile; fileRef = 060B89801E5FD5B700153740 /* UIWebView+BlocksKit.m */; };
		061F13821E4DB97800470005 /* 1.png in Resources */ = {isa = PBXBuildFile; fileRef = 061F13801E4DB97800470005 /* 1.png */; };
		061F13831E4DB97800470005 /* 2.png in Resources */ = {isa = PBXBuildFile; fileRef = 061F13811E4DB97800470005 /* 2.png */; };
		061F13861E4DC2D400470005 /* OneButton.m in Sources */ = {isa = PBXBuildFile; fileRef = 061F13851E4DC2D400470005 /* OneButton.m */; };
/* End PBXBuildFile section */

/* Begin PBXFileReference section */
		060566D21E361BD60027AF4D /* ScrollViewDemo.app */ = {isa = PBXFileReference; explicitFileType = wrapper.application; includeInIndex = 0; path = ScrollViewDemo.app; sourceTree = BUILT_PRODUCTS_DIR; };
		060566D61E361BD60027AF4D /* main.m */ = {isa = PBXFileReference; lastKnownFileType = sourcecode.c.objc; path = main.m; sourceTree = "<group>"; };
		060566D81E361BD60027AF4D /* AppDelegate.h */ = {isa = PBXFileReference; lastKnownFileType = sourcecode.c.h; path = AppDelegate.h; sourceTree = "<group>"; };
		060566D91E361BD60027AF4D /* AppDelegate.m */ = {isa = PBXFileReference; lastKnownFileType = sourcecode.c.objc; path = AppDelegate.m; sourceTree = "<group>"; };
		060566DB1E361BD60027AF4D /* ViewController.h */ = {isa = PBXFileReference; lastKnownFileType = sourcecode.c.h; path = ViewController.h; sourceTree = "<group>"; };
		060566DC1E361BD60027AF4D /* ViewController.m */ = {isa = PBXFileReference; lastKnownFileType = sourcecode.c.objc; path = ViewController.m; sourceTree = "<group>"; };
		060566DF1E361BD60027AF4D /* Base */ = {isa = PBXFileReference; lastKnownFileType = file.storyboard; name = Base; path = Base.lproj/Main.storyboard; sourceTree = "<group>"; };
		060566E11E361BD60027AF4D /* Assets.xcassets */ = {isa = PBXFileReference; lastKnownFileType = folder.assetcatalog; path = Assets.xcassets; sourceTree = "<group>"; };
		060566E41E361BD60027AF4D /* Base */ = {isa = PBXFileReference; lastKnownFileType = file.storyboard; name = Base; path = Base.lproj/LaunchScreen.storyboard; sourceTree = "<group>"; };
		060566E61E361BD60027AF4D /* Info.plist */ = {isa = PBXFileReference; lastKnownFileType = text.plist.xml; path = Info.plist; sourceTree = "<group>"; };
		060566EC1E361BF60027AF4D /* OneViewController.h */ = {isa = PBXFileReference; fileEncoding = 4; lastKnownFileType = sourcecode.c.h; path = OneViewController.h; sourceTree = "<group>"; };
		060566ED1E361BF60027AF4D /* OneViewController.m */ = {isa = PBXFileReference; fileEncoding = 4; lastKnownFileType = sourcecode.c.objc; path = OneViewController.m; sourceTree = "<group>"; };
		060566EF1E361BFE0027AF4D /* TwoViewController.h */ = {isa = PBXFileReference; fileEncoding = 4; lastKnownFileType = sourcecode.c.h; path = TwoViewController.h; sourceTree = "<group>"; };
		060566F01E361BFE0027AF4D /* TwoViewController.m */ = {isa = PBXFileReference; fileEncoding = 4; lastKnownFileType = sourcecode.c.objc; path = TwoViewController.m; sourceTree = "<group>"; };
		060B892E1E5FD29800153740 /* libbz2.tbd */ = {isa = PBXFileReference; lastKnownFileType = "sourcecode.text-based-dylib-definition"; name = libbz2.tbd; path = usr/lib/libbz2.tbd; sourceTree = SDKROOT; };
		060B89321E5FD5B700153740 /* BKMacros.h */ = {isa = PBXFileReference; fileEncoding = 4; lastKnownFileType = sourcecode.c.h; path = BKMacros.h; sourceTree = "<group>"; };
		060B89331E5FD5B700153740 /* NSArray+BlocksKit.h */ = {isa = PBXFileReference; fileEncoding = 4; lastKnownFileType = sourcecode.c.h; path = "NSArray+BlocksKit.h"; sourceTree = "<group>"; };
		060B89341E5FD5B700153740 /* NSArray+BlocksKit.m */ = {isa = PBXFileReference; fileEncoding = 4; lastKnownFileType = sourcecode.c.objc; path = "NSArray+BlocksKit.m"; sourceTree = "<group>"; };
		060B89351E5FD5B700153740 /* NSDictionary+BlocksKit.h */ = {isa = PBXFileReference; fileEncoding = 4; lastKnownFileType = sourcecode.c.h; path = "NSDictionary+BlocksKit.h"; sourceTree = "<group>"; };
		060B89361E5FD5B700153740 /* NSDictionary+BlocksKit.m */ = {isa = PBXFileReference; fileEncoding = 4; lastKnownFileType = sourcecode.c.objc; path = "NSDictionary+BlocksKit.m"; sourceTree = "<group>"; };
		060B89371E5FD5B700153740 /* NSIndexSet+BlocksKit.h */ = {isa = PBXFileReference; fileEncoding = 4; lastKnownFileType = sourcecode.c.h; path = "NSIndexSet+BlocksKit.h"; sourceTree = "<group>"; };
		060B89381E5FD5B700153740 /* NSIndexSet+BlocksKit.m */ = {isa = PBXFileReference; fileEncoding = 4; lastKnownFileType = sourcecode.c.objc; path = "NSIndexSet+BlocksKit.m"; sourceTree = "<group>"; };
		060B89391E5FD5B700153740 /* NSInvocation+BlocksKit.h */ = {isa = PBXFileReference; fileEncoding = 4; lastKnownFileType = sourcecode.c.h; path = "NSInvocation+BlocksKit.h"; sourceTree = "<group>"; };
		060B893A1E5FD5B700153740 /* NSInvocation+BlocksKit.m */ = {isa = PBXFileReference; fileEncoding = 4; lastKnownFileType = sourcecode.c.objc; path = "NSInvocation+BlocksKit.m"; sourceTree = "<group>"; };
		060B893B1E5FD5B700153740 /* NSMapTable+BlocksKit.h */ = {isa = PBXFileReference; fileEncoding = 4; lastKnownFileType = sourcecode.c.h; path = "NSMapTable+BlocksKit.h"; sourceTree = "<group>"; };
		060B893C1E5FD5B700153740 /* NSMapTable+BlocksKit.m */ = {isa = PBXFileReference; fileEncoding = 4; lastKnownFileType = sourcecode.c.objc; path = "NSMapTable+BlocksKit.m"; sourceTree = "<group>"; };
		060B893D1E5FD5B700153740 /* NSMutableArray+BlocksKit.h */ = {isa = PBXFileReference; fileEncoding = 4; lastKnownFileType = sourcecode.c.h; path = "NSMutableArray+BlocksKit.h"; sourceTree = "<group>"; };
		060B893E1E5FD5B700153740 /* NSMutableArray+BlocksKit.m */ = {isa = PBXFileReference; fileEncoding = 4; lastKnownFileType = sourcecode.c.objc; path = "NSMutableArray+BlocksKit.m"; sourceTree = "<group>"; };
		060B893F1E5FD5B700153740 /* NSMutableDictionary+BlocksKit.h */ = {isa = PBXFileReference; fileEncoding = 4; lastKnownFileType = sourcecode.c.h; path = "NSMutableDictionary+BlocksKit.h"; sourceTree = "<group>"; };
		060B89401E5FD5B700153740 /* NSMutableDictionary+BlocksKit.m */ = {isa = PBXFileReference; fileEncoding = 4; lastKnownFileType = sourcecode.c.objc; path = "NSMutableDictionary+BlocksKit.m"; sourceTree = "<group>"; };
		060B89411E5FD5B700153740 /* NSMutableIndexSet+BlocksKit.h */ = {isa = PBXFileReference; fileEncoding = 4; lastKnownFileType = sourcecode.c.h; path = "NSMutableIndexSet+BlocksKit.h"; sourceTree = "<group>"; };
		060B89421E5FD5B700153740 /* NSMutableIndexSet+BlocksKit.m */ = {isa = PBXFileReference; fileEncoding = 4; lastKnownFileType = sourcecode.c.objc; path = "NSMutableIndexSet+BlocksKit.m"; sourceTree = "<group>"; };
		060B89431E5FD5B700153740 /* NSMutableOrderedSet+BlocksKit.h */ = {isa = PBXFileReference; fileEncoding = 4; lastKnownFileType = sourcecode.c.h; path = "NSMutableOrderedSet+BlocksKit.h"; sourceTree = "<group>"; };
		060B89441E5FD5B700153740 /* NSMutableOrderedSet+BlocksKit.m */ = {isa = PBXFileReference; fileEncoding = 4; lastKnownFileType = sourcecode.c.objc; path = "NSMutableOrderedSet+BlocksKit.m"; sourceTree = "<group>"; };
		060B89451E5FD5B700153740 /* NSMutableSet+BlocksKit.h */ = {isa = PBXFileReference; fileEncoding = 4; lastKnownFileType = sourcecode.c.h; path = "NSMutableSet+BlocksKit.h"; sourceTree = "<group>"; };
		060B89461E5FD5B700153740 /* NSMutableSet+BlocksKit.m */ = {isa = PBXFileReference; fileEncoding = 4; lastKnownFileType = sourcecode.c.objc; path = "NSMutableSet+BlocksKit.m"; sourceTree = "<group>"; };
		060B89471E5FD5B700153740 /* NSNumber+BlocksKit.h */ = {isa = PBXFileReference; fileEncoding = 4; lastKnownFileType = sourcecode.c.h; path = "NSNumber+BlocksKit.h"; sourceTree = "<group>"; };
		060B89481E5FD5B700153740 /* NSNumber+BlocksKit.m */ = {isa = PBXFileReference; fileEncoding = 4; lastKnownFileType = sourcecode.c.objc; path = "NSNumber+BlocksKit.m"; sourceTree = "<group>"; };
		060B89491E5FD5B700153740 /* NSObject+BKAssociatedObjects.h */ = {isa = PBXFileReference; fileEncoding = 4; lastKnownFileType = sourcecode.c.h; path = "NSObject+BKAssociatedObjects.h"; sourceTree = "<group>"; };
		060B894A1E5FD5B700153740 /* NSObject+BKAssociatedObjects.m */ = {isa = PBXFileReference; fileEncoding = 4; lastKnownFileType = sourcecode.c.objc; path = "NSObject+BKAssociatedObjects.m"; sourceTree = "<group>"; };
		060B894B1E5FD5B700153740 /* NSObject+BKBlockExecution.h */ = {isa = PBXFileReference; fileEncoding = 4; lastKnownFileType = sourcecode.c.h; path = "NSObject+BKBlockExecution.h"; sourceTree = "<group>"; };
		060B894C1E5FD5B700153740 /* NSObject+BKBlockExecution.m */ = {isa = PBXFileReference; fileEncoding = 4; lastKnownFileType = sourcecode.c.objc; path = "NSObject+BKBlockExecution.m"; sourceTree = "<group>"; };
		060B894D1E5FD5B700153740 /* NSObject+BKBlockObservation.h */ = {isa = PBXFileReference; fileEncoding = 4; lastKnownFileType = sourcecode.c.h; path = "NSObject+BKBlockObservation.h"; sourceTree = "<group>"; };
		060B894E1E5FD5B700153740 /* NSObject+BKBlockObservation.m */ = {isa = PBXFileReference; fileEncoding = 4; lastKnownFileType = sourcecode.c.objc; path = "NSObject+BKBlockObservation.m"; sourceTree = "<group>"; };
		060B894F1E5FD5B700153740 /* NSOrderedSet+BlocksKit.h */ = {isa = PBXFileReference; fileEncoding = 4; lastKnownFileType = sourcecode.c.h; path = "NSOrderedSet+BlocksKit.h"; sourceTree = "<group>"; };
		060B89501E5FD5B700153740 /* NSOrderedSet+BlocksKit.m */ = {isa = PBXFileReference; fileEncoding = 4; lastKnownFileType = sourcecode.c.objc; path = "NSOrderedSet+BlocksKit.m"; sourceTree = "<group>"; };
		060B89511E5FD5B700153740 /* NSSet+BlocksKit.h */ = {isa = PBXFileReference; fileEncoding = 4; lastKnownFileType = sourcecode.c.h; path = "NSSet+BlocksKit.h"; sourceTree = "<group>"; };
		060B89521E5FD5B700153740 /* NSSet+BlocksKit.m */ = {isa = PBXFileReference; fileEncoding = 4; lastKnownFileType = sourcecode.c.objc; path = "NSSet+BlocksKit.m"; sourceTree = "<group>"; };
		060B89531E5FD5B700153740 /* NSTimer+BlocksKit.h */ = {isa = PBXFileReference; fileEncoding = 4; lastKnownFileType = sourcecode.c.h; path = "NSTimer+BlocksKit.h"; sourceTree = "<group>"; };
		060B89541E5FD5B700153740 /* NSTimer+BlocksKit.m */ = {isa = PBXFileReference; fileEncoding = 4; lastKnownFileType = sourcecode.c.objc; path = "NSTimer+BlocksKit.m"; sourceTree = "<group>"; };
		060B89561E5FD5B700153740 /* A2BlockInvocation.h */ = {isa = PBXFileReference; fileEncoding = 4; lastKnownFileType = sourcecode.c.h; path = A2BlockInvocation.h; sourceTree = "<group>"; };
		060B89571E5FD5B700153740 /* A2BlockInvocation.m */ = {isa = PBXFileReference; fileEncoding = 4; lastKnownFileType = sourcecode.c.objc; path = A2BlockInvocation.m; sourceTree = "<group>"; };
		060B89581E5FD5B700153740 /* A2DynamicDelegate.h */ = {isa = PBXFileReference; fileEncoding = 4; lastKnownFileType = sourcecode.c.h; path = A2DynamicDelegate.h; sourceTree = "<group>"; };
		060B89591E5FD5B700153740 /* A2DynamicDelegate.m */ = {isa = PBXFileReference; fileEncoding = 4; lastKnownFileType = sourcecode.c.objc; path = A2DynamicDelegate.m; sourceTree = "<group>"; };
		060B895B1E5FD5B700153740 /* NSCache+BlocksKit.h */ = {isa = PBXFileReference; fileEncoding = 4; lastKnownFileType = sourcecode.c.h; path = "NSCache+BlocksKit.h"; sourceTree = "<group>"; };
		060B895C1E5FD5B700153740 /* NSCache+BlocksKit.m */ = {isa = PBXFileReference; fileEncoding = 4; lastKnownFileType = sourcecode.c.objc; path = "NSCache+BlocksKit.m"; sourceTree = "<group>"; };
		060B895D1E5FD5B700153740 /* NSURLConnection+BlocksKit.h */ = {isa = PBXFileReference; fileEncoding = 4; lastKnownFileType = sourcecode.c.h; path = "NSURLConnection+BlocksKit.h"; sourceTree = "<group>"; };
		060B895E1E5FD5B700153740 /* NSURLConnection+BlocksKit.m */ = {isa = PBXFileReference; fileEncoding = 4; lastKnownFileType = sourcecode.c.objc; path = "NSURLConnection+BlocksKit.m"; sourceTree = "<group>"; };
		060B895F1E5FD5B700153740 /* NSObject+A2BlockDelegate.h */ = {isa = PBXFileReference; fileEncoding = 4; lastKnownFileType = sourcecode.c.h; path = "NSObject+A2BlockDelegate.h"; sourceTree = "<group>"; };
		060B89601E5FD5B700153740 /* NSObject+A2BlockDelegate.m */ = {isa = PBXFileReference; fileEncoding = 4; lastKnownFileType = sourcecode.c.objc; path = "NSObject+A2BlockDelegate.m"; sourceTree = "<group>"; };
		060B89611E5FD5B700153740 /* NSObject+A2DynamicDelegate.h */ = {isa = PBXFileReference; fileEncoding = 4; lastKnownFileType = sourcecode.c.h; path = "NSObject+A2DynamicDelegate.h"; sourceTree = "<group>"; };
		060B89621E5FD5B700153740 /* NSObject+A2DynamicDelegate.m */ = {isa = PBXFileReference; fileEncoding = 4; lastKnownFileType = sourcecode.c.objc; path = "NSObject+A2DynamicDelegate.m"; sourceTree = "<group>"; };
		060B89641E5FD5B700153740 /* MFMailComposeViewController+BlocksKit.h */ = {isa = PBXFileReference; fileEncoding = 4; lastKnownFileType = sourcecode.c.h; path = "MFMailComposeViewController+BlocksKit.h"; sourceTree = "<group>"; };
		060B89651E5FD5B700153740 /* MFMailComposeViewController+BlocksKit.m */ = {isa = PBXFileReference; fileEncoding = 4; lastKnownFileType = sourcecode.c.objc; path = "MFMailComposeViewController+BlocksKit.m"; sourceTree = "<group>"; };
		060B89661E5FD5B700153740 /* MFMessageComposeViewController+BlocksKit.h */ = {isa = PBXFileReference; fileEncoding = 4; lastKnownFileType = sourcecode.c.h; path = "MFMessageComposeViewController+BlocksKit.h"; sourceTree = "<group>"; };
		060B89671E5FD5B700153740 /* MFMessageComposeViewController+BlocksKit.m */ = {isa = PBXFileReference; fileEncoding = 4; lastKnownFileType = sourcecode.c.objc; path = "MFMessageComposeViewController+BlocksKit.m"; sourceTree = "<group>"; };
		060B89691E5FD5B700153740 /* UIActionSheet+BlocksKit.h */ = {isa = PBXFileReference; fileEncoding = 4; lastKnownFileType = sourcecode.c.h; path = "UIActionSheet+BlocksKit.h"; sourceTree = "<group>"; };
		060B896A1E5FD5B700153740 /* UIActionSheet+BlocksKit.m */ = {isa = PBXFileReference; fileEncoding = 4; lastKnownFileType = sourcecode.c.objc; path = "UIActionSheet+BlocksKit.m"; sourceTree = "<group>"; };
		060B896B1E5FD5B700153740 /* UIAlertView+BlocksKit.h */ = {isa = PBXFileReference; fileEncoding = 4; lastKnownFileType = sourcecode.c.h; path = "UIAlertView+BlocksKit.h"; sourceTree = "<group>"; };
		060B896C1E5FD5B700153740 /* UIAlertView+BlocksKit.m */ = {isa = PBXFileReference; fileEncoding = 4; lastKnownFileType = sourcecode.c.objc; path = "UIAlertView+BlocksKit.m"; sourceTree = "<group>"; };
		060B896D1E5FD5B700153740 /* UIBarButtonItem+BlocksKit.h */ = {isa = PBXFileReference; fileEncoding = 4; lastKnownFileType = sourcecode.c.h; path = "UIBarButtonItem+BlocksKit.h"; sourceTree = "<group>"; };
		060B896E1E5FD5B700153740 /* UIBarButtonItem+BlocksKit.m */ = {isa = PBXFileReference; fileEncoding = 4; lastKnownFileType = sourcecode.c.objc; path = "UIBarButtonItem+BlocksKit.m"; sourceTree = "<group>"; };
		060B896F1E5FD5B700153740 /* UIControl+BlocksKit.h */ = {isa = PBXFileReference; fileEncoding = 4; lastKnownFileType = sourcecode.c.h; path = "UIControl+BlocksKit.h"; sourceTree = "<group>"; };
		060B89701E5FD5B700153740 /* UIControl+BlocksKit.m */ = {isa = PBXFileReference; fileEncoding = 4; lastKnownFileType = sourcecode.c.objc; path = "UIControl+BlocksKit.m"; sourceTree = "<group>"; };
		060B89711E5FD5B700153740 /* UIGestureRecognizer+BlocksKit.h */ = {isa = PBXFileReference; fileEncoding = 4; lastKnownFileType = sourcecode.c.h; path = "UIGestureRecognizer+BlocksKit.h"; sourceTree = "<group>"; };
		060B89721E5FD5B700153740 /* UIGestureRecognizer+BlocksKit.m */ = {isa = PBXFileReference; fileEncoding = 4; lastKnownFileType = sourcecode.c.objc; path = "UIGestureRecognizer+BlocksKit.m"; sourceTree = "<group>"; };
		060B89731E5FD5B700153740 /* UIImage+BlocksKit.h */ = {isa = PBXFileReference; fileEncoding = 4; lastKnownFileType = sourcecode.c.h; path = "UIImage+BlocksKit.h"; sourceTree = "<group>"; };
		060B89741E5FD5B700153740 /* UIImage+BlocksKit.m */ = {isa = PBXFileReference; fileEncoding = 4; lastKnownFileType = sourcecode.c.objc; path = "UIImage+BlocksKit.m"; sourceTree = "<group>"; };
		060B89751E5FD5B700153740 /* UIImagePickerController+BlocksKit.h */ = {isa = PBXFileReference; fileEncoding = 4; lastKnownFileType = sourcecode.c.h; path = "UIImagePickerController+BlocksKit.h"; sourceTree = "<group>"; };
		060B89761E5FD5B700153740 /* UIImagePickerController+BlocksKit.m */ = {isa = PBXFileReference; fileEncoding = 4; lastKnownFileType = sourcecode.c.objc; path = "UIImagePickerController+BlocksKit.m"; sourceTree = "<group>"; };
		060B89771E5FD5B700153740 /* UIPopoverController+BlocksKit.h */ = {isa = PBXFileReference; fileEncoding = 4; lastKnownFileType = sourcecode.c.h; path = "UIPopoverController+BlocksKit.h"; sourceTree = "<group>"; };
		060B89781E5FD5B700153740 /* UIPopoverController+BlocksKit.m */ = {isa = PBXFileReference; fileEncoding = 4; lastKnownFileType = sourcecode.c.objc; path = "UIPopoverController+BlocksKit.m"; sourceTree = "<group>"; };
		060B89791E5FD5B700153740 /* UITextField+BlocksKit.h */ = {isa = PBXFileReference; fileEncoding = 4; lastKnownFileType = sourcecode.c.h; path = "UITextField+BlocksKit.h"; sourceTree = "<group>"; };
		060B897A1E5FD5B700153740 /* UITextField+BlocksKit.m */ = {isa = PBXFileReference; fileEncoding = 4; lastKnownFileType = sourcecode.c.objc; path = "UITextField+BlocksKit.m"; sourceTree = "<group>"; };
		060B897B1E5FD5B700153740 /* UITextView+BlocksKit.h */ = {isa = PBXFileReference; fileEncoding = 4; lastKnownFileType = sourcecode.c.h; path = "UITextView+BlocksKit.h"; sourceTree = "<group>"; };
		060B897C1E5FD5B700153740 /* UITextView+BlocksKit.m */ = {isa = PBXFileReference; fileEncoding = 4; lastKnownFileType = sourcecode.c.objc; path = "UITextView+BlocksKit.m"; sourceTree = "<group>"; };
		060B897D1E5FD5B700153740 /* UIView+BlocksKit.h */ = {isa = PBXFileReference; fileEncoding = 4; lastKnownFileType = sourcecode.c.h; path = "UIView+BlocksKit.h"; sourceTree = "<group>"; };
		060B897E1E5FD5B700153740 /* UIView+BlocksKit.m */ = {isa = PBXFileReference; fileEncoding = 4; lastKnownFileType = sourcecode.c.objc; path = "UIView+BlocksKit.m"; sourceTree = "<group>"; };
		060B897F1E5FD5B700153740 /* UIWebView+BlocksKit.h */ = {isa = PBXFileReference; fileEncoding = 4; lastKnownFileType = sourcecode.c.h; path = "UIWebView+BlocksKit.h"; sourceTree = "<group>"; };
		060B89801E5FD5B700153740 /* UIWebView+BlocksKit.m */ = {isa = PBXFileReference; fileEncoding = 4; lastKnownFileType = sourcecode.c.objc; path = "UIWebView+BlocksKit.m"; sourceTree = "<group>"; };
		060B89A61E5FD78500153740 /* BlocksKit+UIKit.h */ = {isa = PBXFileReference; fileEncoding = 4; lastKnownFileType = sourcecode.c.h; path = "BlocksKit+UIKit.h"; sourceTree = "<group>"; };
		061F13801E4DB97800470005 /* 1.png */ = {isa = PBXFileReference; lastKnownFileType = image.png; path = 1.png; sourceTree = "<group>"; };
		061F13811E4DB97800470005 /* 2.png */ = {isa = PBXFileReference; lastKnownFileType = image.png; path = 2.png; sourceTree = "<group>"; };
		061F13841E4DC2D400470005 /* OneButton.h */ = {isa = PBXFileReference; fileEncoding = 4; lastKnownFileType = sourcecode.c.h; path = OneButton.h; sourceTree = "<group>"; };
		061F13851E4DC2D400470005 /* OneButton.m */ = {isa = PBXFileReference; fileEncoding = 4; lastKnownFileType = sourcecode.c.objc; path = OneButton.m; sourceTree = "<group>"; };
/* End PBXFileReference section */

/* Begin PBXFrameworksBuildPhase section */
		060566CF1E361BD60027AF4D /* Frameworks */ = {
			isa = PBXFrameworksBuildPhase;
			buildActionMask = 2147483647;
			files = (
				060B892F1E5FD29800153740 /* libbz2.tbd in Frameworks */,
			);
			runOnlyForDeploymentPostprocessing = 0;
		};
/* End PBXFrameworksBuildPhase section */

/* Begin PBXGroup section */
		060566C91E361BD60027AF4D = {
			isa = PBXGroup;
			children = (
				060566D41E361BD60027AF4D /* ScrollViewDemo */,
				060566D31E361BD60027AF4D /* Products */,
				060B892D1E5FD29800153740 /* Frameworks */,
			);
			sourceTree = "<group>";
		};
		060566D31E361BD60027AF4D /* Products */ = {
			isa = PBXGroup;
			children = (
				060566D21E361BD60027AF4D /* ScrollViewDemo.app */,
			);
			name = Products;
			sourceTree = "<group>";
		};
		060566D41E361BD60027AF4D /* ScrollViewDemo */ = {
			isa = PBXGroup;
			children = (
				060B89301E5FD5B700153740 /* BlocksKit */,
				060566D81E361BD60027AF4D /* AppDelegate.h */,
				060566D91E361BD60027AF4D /* AppDelegate.m */,
				060566DB1E361BD60027AF4D /* ViewController.h */,
				060566DC1E361BD60027AF4D /* ViewController.m */,
				060566EC1E361BF60027AF4D /* OneViewController.h */,
				060566ED1E361BF60027AF4D /* OneViewController.m */,
				060566EF1E361BFE0027AF4D /* TwoViewController.h */,
				060566F01E361BFE0027AF4D /* TwoViewController.m */,
				061F13841E4DC2D400470005 /* OneButton.h */,
				061F13851E4DC2D400470005 /* OneButton.m */,
				061F13801E4DB97800470005 /* 1.png */,
				061F13811E4DB97800470005 /* 2.png */,
				060566DE1E361BD60027AF4D /* Main.storyboard */,
				060566E11E361BD60027AF4D /* Assets.xcassets */,
				060566E31E361BD60027AF4D /* LaunchScreen.storyboard */,
				060566E61E361BD60027AF4D /* Info.plist */,
				060566D51E361BD60027AF4D /* Supporting Files */,
			);
			path = ScrollViewDemo;
			sourceTree = "<group>";
		};
		060566D51E361BD60027AF4D /* Supporting Files */ = {
			isa = PBXGroup;
			children = (
				060566D61E361BD60027AF4D /* main.m */,
			);
			name = "Supporting Files";
			sourceTree = "<group>";
		};
		060B892D1E5FD29800153740 /* Frameworks */ = {
			isa = PBXGroup;
			children = (
				060B892E1E5FD29800153740 /* libbz2.tbd */,
			);
			name = Frameworks;
			sourceTree = "<group>";
		};
		060B89301E5FD5B700153740 /* BlocksKit */ = {
			isa = PBXGroup;
			children = (
				060B89A61E5FD78500153740 /* BlocksKit+UIKit.h */,
				060B89311E5FD5B700153740 /* Core */,
				060B89551E5FD5B700153740 /* DynamicDelegate */,
				060B89631E5FD5B700153740 /* MessageUI */,
				060B89681E5FD5B700153740 /* UIKit */,
			);
			path = BlocksKit;
			sourceTree = "<group>";
		};
		060B89311E5FD5B700153740 /* Core */ = {
			isa = PBXGroup;
			children = (
				060B89321E5FD5B700153740 /* BKMacros.h */,
				060B89331E5FD5B700153740 /* NSArray+BlocksKit.h */,
				060B89341E5FD5B700153740 /* NSArray+BlocksKit.m */,
				060B89351E5FD5B700153740 /* NSDictionary+BlocksKit.h */,
				060B89361E5FD5B700153740 /* NSDictionary+BlocksKit.m */,
				060B89371E5FD5B700153740 /* NSIndexSet+BlocksKit.h */,
				060B89381E5FD5B700153740 /* NSIndexSet+BlocksKit.m */,
				060B89391E5FD5B700153740 /* NSInvocation+BlocksKit.h */,
				060B893A1E5FD5B700153740 /* NSInvocation+BlocksKit.m */,
				060B893B1E5FD5B700153740 /* NSMapTable+BlocksKit.h */,
				060B893C1E5FD5B700153740 /* NSMapTable+BlocksKit.m */,
				060B893D1E5FD5B700153740 /* NSMutableArray+BlocksKit.h */,
				060B893E1E5FD5B700153740 /* NSMutableArray+BlocksKit.m */,
				060B893F1E5FD5B700153740 /* NSMutableDictionary+BlocksKit.h */,
				060B89401E5FD5B700153740 /* NSMutableDictionary+BlocksKit.m */,
				060B89411E5FD5B700153740 /* NSMutableIndexSet+BlocksKit.h */,
				060B89421E5FD5B700153740 /* NSMutableIndexSet+BlocksKit.m */,
				060B89431E5FD5B700153740 /* NSMutableOrderedSet+BlocksKit.h */,
				060B89441E5FD5B700153740 /* NSMutableOrderedSet+BlocksKit.m */,
				060B89451E5FD5B700153740 /* NSMutableSet+BlocksKit.h */,
				060B89461E5FD5B700153740 /* NSMutableSet+BlocksKit.m */,
				060B89471E5FD5B700153740 /* NSNumber+BlocksKit.h */,
				060B89481E5FD5B700153740 /* NSNumber+BlocksKit.m */,
				060B89491E5FD5B700153740 /* NSObject+BKAssociatedObjects.h */,
				060B894A1E5FD5B700153740 /* NSObject+BKAssociatedObjects.m */,
				060B894B1E5FD5B700153740 /* NSObject+BKBlockExecution.h */,
				060B894C1E5FD5B700153740 /* NSObject+BKBlockExecution.m */,
				060B894D1E5FD5B700153740 /* NSObject+BKBlockObservation.h */,
				060B894E1E5FD5B700153740 /* NSObject+BKBlockObservation.m */,
				060B894F1E5FD5B700153740 /* NSOrderedSet+BlocksKit.h */,
				060B89501E5FD5B700153740 /* NSOrderedSet+BlocksKit.m */,
				060B89511E5FD5B700153740 /* NSSet+BlocksKit.h */,
				060B89521E5FD5B700153740 /* NSSet+BlocksKit.m */,
				060B89531E5FD5B700153740 /* NSTimer+BlocksKit.h */,
				060B89541E5FD5B700153740 /* NSTimer+BlocksKit.m */,
			);
			path = Core;
			sourceTree = "<group>";
		};
		060B89551E5FD5B700153740 /* DynamicDelegate */ = {
			isa = PBXGroup;
			children = (
				060B89561E5FD5B700153740 /* A2BlockInvocation.h */,
				060B89571E5FD5B700153740 /* A2BlockInvocation.m */,
				060B89581E5FD5B700153740 /* A2DynamicDelegate.h */,
				060B89591E5FD5B700153740 /* A2DynamicDelegate.m */,
				060B895A1E5FD5B700153740 /* Foundation */,
				060B895F1E5FD5B700153740 /* NSObject+A2BlockDelegate.h */,
				060B89601E5FD5B700153740 /* NSObject+A2BlockDelegate.m */,
				060B89611E5FD5B700153740 /* NSObject+A2DynamicDelegate.h */,
				060B89621E5FD5B700153740 /* NSObject+A2DynamicDelegate.m */,
			);
			path = DynamicDelegate;
			sourceTree = "<group>";
		};
		060B895A1E5FD5B700153740 /* Foundation */ = {
			isa = PBXGroup;
			children = (
				060B895B1E5FD5B700153740 /* NSCache+BlocksKit.h */,
				060B895C1E5FD5B700153740 /* NSCache+BlocksKit.m */,
				060B895D1E5FD5B700153740 /* NSURLConnection+BlocksKit.h */,
				060B895E1E5FD5B700153740 /* NSURLConnection+BlocksKit.m */,
			);
			path = Foundation;
			sourceTree = "<group>";
		};
		060B89631E5FD5B700153740 /* MessageUI */ = {
			isa = PBXGroup;
			children = (
				060B89641E5FD5B700153740 /* MFMailComposeViewController+BlocksKit.h */,
				060B89651E5FD5B700153740 /* MFMailComposeViewController+BlocksKit.m */,
				060B89661E5FD5B700153740 /* MFMessageComposeViewController+BlocksKit.h */,
				060B89671E5FD5B700153740 /* MFMessageComposeViewController+BlocksKit.m */,
			);
			path = MessageUI;
			sourceTree = "<group>";
		};
		060B89681E5FD5B700153740 /* UIKit */ = {
			isa = PBXGroup;
			children = (
				060B89691E5FD5B700153740 /* UIActionSheet+BlocksKit.h */,
				060B896A1E5FD5B700153740 /* UIActionSheet+BlocksKit.m */,
				060B896B1E5FD5B700153740 /* UIAlertView+BlocksKit.h */,
				060B896C1E5FD5B700153740 /* UIAlertView+BlocksKit.m */,
				060B896D1E5FD5B700153740 /* UIBarButtonItem+BlocksKit.h */,
				060B896E1E5FD5B700153740 /* UIBarButtonItem+BlocksKit.m */,
				060B896F1E5FD5B700153740 /* UIControl+BlocksKit.h */,
				060B89701E5FD5B700153740 /* UIControl+BlocksKit.m */,
				060B89711E5FD5B700153740 /* UIGestureRecognizer+BlocksKit.h */,
				060B89721E5FD5B700153740 /* UIGestureRecognizer+BlocksKit.m */,
				060B89731E5FD5B700153740 /* UIImage+BlocksKit.h */,
				060B89741E5FD5B700153740 /* UIImage+BlocksKit.m */,
				060B89751E5FD5B700153740 /* UIImagePickerController+BlocksKit.h */,
				060B89761E5FD5B700153740 /* UIImagePickerController+BlocksKit.m */,
				060B89771E5FD5B700153740 /* UIPopoverController+BlocksKit.h */,
				060B89781E5FD5B700153740 /* UIPopoverController+BlocksKit.m */,
				060B89791E5FD5B700153740 /* UITextField+BlocksKit.h */,
				060B897A1E5FD5B700153740 /* UITextField+BlocksKit.m */,
				060B897B1E5FD5B700153740 /* UITextView+BlocksKit.h */,
				060B897C1E5FD5B700153740 /* UITextView+BlocksKit.m */,
				060B897D1E5FD5B700153740 /* UIView+BlocksKit.h */,
				060B897E1E5FD5B700153740 /* UIView+BlocksKit.m */,
				060B897F1E5FD5B700153740 /* UIWebView+BlocksKit.h */,
				060B89801E5FD5B700153740 /* UIWebView+BlocksKit.m */,
			);
			path = UIKit;
			sourceTree = "<group>";
		};
/* End PBXGroup section */

/* Begin PBXNativeTarget section */
		060566D11E361BD60027AF4D /* ScrollViewDemo */ = {
			isa = PBXNativeTarget;
			buildConfigurationList = 060566E91E361BD60027AF4D /* Build configuration list for PBXNativeTarget "ScrollViewDemo" */;
			buildPhases = (
				060566CE1E361BD60027AF4D /* Sources */,
				060566CF1E361BD60027AF4D /* Frameworks */,
				060566D01E361BD60027AF4D /* Resources */,
			);
			buildRules = (
			);
			dependencies = (
			);
			name = ScrollViewDemo;
			productName = ScrollViewDemo;
			productReference = 060566D21E361BD60027AF4D /* ScrollViewDemo.app */;
			productType = "com.apple.product-type.application";
		};
/* End PBXNativeTarget section */

/* Begin PBXProject section */
		060566CA1E361BD60027AF4D /* Project object */ = {
			isa = PBXProject;
			attributes = {
				LastUpgradeCheck = 0820;
				ORGANIZATIONNAME = drt;
				TargetAttributes = {
					060566D11E361BD60027AF4D = {
						CreatedOnToolsVersion = 8.2.1;
						DevelopmentTeam = E4UBA9DDBW;
						ProvisioningStyle = Automatic;
					};
				};
			};
			buildConfigurationList = 060566CD1E361BD60027AF4D /* Build configuration list for PBXProject "ScrollViewDemo" */;
			compatibilityVersion = "Xcode 3.2";
			developmentRegion = English;
			hasScannedForEncodings = 0;
			knownRegions = (
				en,
				Base,
			);
			mainGroup = 060566C91E361BD60027AF4D;
			productRefGroup = 060566D31E361BD60027AF4D /* Products */;
			projectDirPath = "";
			projectRoot = "";
			targets = (
				060566D11E361BD60027AF4D /* ScrollViewDemo */,
			);
		};
/* End PBXProject section */

/* Begin PBXResourcesBuildPhase section */
		060566D01E361BD60027AF4D /* Resources */ = {
			isa = PBXResourcesBuildPhase;
			buildActionMask = 2147483647;
			files = (
				060566E51E361BD60027AF4D /* LaunchScreen.storyboard in Resources */,
				061F13821E4DB97800470005 /* 1.png in Resources */,
				061F13831E4DB97800470005 /* 2.png in Resources */,
				060566E21E361BD60027AF4D /* Assets.xcassets in Resources */,
				060566E01E361BD60027AF4D /* Main.storyboard in Resources */,
			);
			runOnlyForDeploymentPostprocessing = 0;
		};
/* End PBXResourcesBuildPhase section */

/* Begin PBXSourcesBuildPhase section */
		060566CE1E361BD60027AF4D /* Sources */ = {
			isa = PBXSourcesBuildPhase;
			buildActionMask = 2147483647;
			files = (
				060B899F1E5FD5B700153740 /* UIImage+BlocksKit.m in Sources */,
				060B89851E5FD5B700153740 /* NSMapTable+BlocksKit.m in Sources */,
				060B899B1E5FD5B700153740 /* UIAlertView+BlocksKit.m in Sources */,
				060B89871E5FD5B700153740 /* NSMutableDictionary+BlocksKit.m in Sources */,
				061F13861E4DC2D400470005 /* OneButton.m in Sources */,
				060566DD1E361BD60027AF4D /* ViewController.m in Sources */,
				060B89811E5FD5B700153740 /* NSArray+BlocksKit.m in Sources */,
				060B898F1E5FD5B700153740 /* NSOrderedSet+BlocksKit.m in Sources */,
				060B89A31E5FD5B700153740 /* UITextView+BlocksKit.m in Sources */,
				060B899D1E5FD5B700153740 /* UIControl+BlocksKit.m in Sources */,
				060B89A51E5FD5B700153740 /* UIWebView+BlocksKit.m in Sources */,
				060B89921E5FD5B700153740 /* A2BlockInvocation.m in Sources */,
				060B89A21E5FD5B700153740 /* UITextField+BlocksKit.m in Sources */,
				060B89901E5FD5B700153740 /* NSSet+BlocksKit.m in Sources */,
				060B89861E5FD5B700153740 /* NSMutableArray+BlocksKit.m in Sources */,
				060B89961E5FD5B700153740 /* NSObject+A2BlockDelegate.m in Sources */,
				060B899E1E5FD5B700153740 /* UIGestureRecognizer+BlocksKit.m in Sources */,
				060B89971E5FD5B700153740 /* NSObject+A2DynamicDelegate.m in Sources */,
				060B89A41E5FD5B700153740 /* UIView+BlocksKit.m in Sources */,
				060B89881E5FD5B700153740 /* NSMutableIndexSet+BlocksKit.m in Sources */,
				060B89A01E5FD5B700153740 /* UIImagePickerController+BlocksKit.m in Sources */,
				060B89821E5FD5B700153740 /* NSDictionary+BlocksKit.m in Sources */,
				060566DA1E361BD60027AF4D /* AppDelegate.m in Sources */,
				060566D71E361BD60027AF4D /* main.m in Sources */,
				060B89831E5FD5B700153740 /* NSIndexSet+BlocksKit.m in Sources */,
				060B899C1E5FD5B700153740 /* UIBarButtonItem+BlocksKit.m in Sources */,
				060B898A1E5FD5B700153740 /* NSMutableSet+BlocksKit.m in Sources */,
				060B89A11E5FD5B700153740 /* UIPopoverController+BlocksKit.m in Sources */,
				060B898B1E5FD5B700153740 /* NSNumber+BlocksKit.m in Sources */,
				060B89841E5FD5B700153740 /* NSInvocation+BlocksKit.m in Sources */,
				060B89911E5FD5B700153740 /* NSTimer+BlocksKit.m in Sources */,
				060B89981E5FD5B700153740 /* MFMailComposeViewController+BlocksKit.m in Sources */,
				060566F11E361BFE0027AF4D /* TwoViewController.m in Sources */,
				060B898E1E5FD5B700153740 /* NSObject+BKBlockObservation.m in Sources */,
				060B898C1E5FD5B700153740 /* NSObject+BKAssociatedObjects.m in Sources */,
				060B89951E5FD5B700153740 /* NSURLConnection+BlocksKit.m in Sources */,
				060B89991E5FD5B700153740 /* MFMessageComposeViewController+BlocksKit.m in Sources */,
				060B899A1E5FD5B700153740 /* UIActionSheet+BlocksKit.m in Sources */,
				060566EE1E361BF60027AF4D /* OneViewController.m in Sources */,
				060B89941E5FD5B700153740 /* NSCache+BlocksKit.m in Sources */,
				060B89931E5FD5B700153740 /* A2DynamicDelegate.m in Sources */,
				060B89891E5FD5B700153740 /* NSMutableOrderedSet+BlocksKit.m in Sources */,
				060B898D1E5FD5B700153740 /* NSObject+BKBlockExecution.m in Sources */,
			);
			runOnlyForDeploymentPostprocessing = 0;
		};
/* End PBXSourcesBuildPhase section */

/* Begin PBXVariantGroup section */
		060566DE1E361BD60027AF4D /* Main.storyboard */ = {
			isa = PBXVariantGroup;
			children = (
				060566DF1E361BD60027AF4D /* Base */,
			);
			name = Main.storyboard;
			sourceTree = "<group>";
		};
		060566E31E361BD60027AF4D /* LaunchScreen.storyboard */ = {
			isa = PBXVariantGroup;
			children = (
				060566E41E361BD60027AF4D /* Base */,
			);
			name = LaunchScreen.storyboard;
			sourceTree = "<group>";
		};
/* End PBXVariantGroup section */

/* Begin XCBuildConfiguration section */
		060566E71E361BD60027AF4D /* Debug */ = {
			isa = XCBuildConfiguration;
			buildSettings = {
				ALWAYS_SEARCH_USER_PATHS = NO;
				CLANG_ANALYZER_NONNULL = YES;
				CLANG_CXX_LANGUAGE_STANDARD = "gnu++0x";
				CLANG_CXX_LIBRARY = "libc++";
				CLANG_ENABLE_MODULES = YES;
				CLANG_ENABLE_OBJC_ARC = YES;
				CLANG_WARN_BOOL_CONVERSION = YES;
				CLANG_WARN_CONSTANT_CONVERSION = YES;
				CLANG_WARN_DIRECT_OBJC_ISA_USAGE = YES_ERROR;
				CLANG_WARN_DOCUMENTATION_COMMENTS = YES;
				CLANG_WARN_EMPTY_BODY = YES;
				CLANG_WARN_ENUM_CONVERSION = YES;
				CLANG_WARN_INFINITE_RECURSION = YES;
				CLANG_WARN_INT_CONVERSION = YES;
				CLANG_WARN_OBJC_ROOT_CLASS = YES_ERROR;
				CLANG_WARN_SUSPICIOUS_MOVE = YES;
				CLANG_WARN_UNREACHABLE_CODE = YES;
				CLANG_WARN__DUPLICATE_METHOD_MATCH = YES;
				"CODE_SIGN_IDENTITY[sdk=iphoneos*]" = "iPhone Developer";
				COPY_PHASE_STRIP = NO;
				DEBUG_INFORMATION_FORMAT = dwarf;
				ENABLE_STRICT_OBJC_MSGSEND = YES;
				ENABLE_TESTABILITY = YES;
				GCC_C_LANGUAGE_STANDARD = gnu99;
				GCC_DYNAMIC_NO_PIC = NO;
				GCC_NO_COMMON_BLOCKS = YES;
				GCC_OPTIMIZATION_LEVEL = 0;
				GCC_PREPROCESSOR_DEFINITIONS = (
					"DEBUG=1",
					"$(inherited)",
				);
				GCC_WARN_64_TO_32_BIT_CONVERSION = YES;
				GCC_WARN_ABOUT_RETURN_TYPE = YES_ERROR;
				GCC_WARN_UNDECLARED_SELECTOR = YES;
				GCC_WARN_UNINITIALIZED_AUTOS = YES_AGGRESSIVE;
				GCC_WARN_UNUSED_FUNCTION = YES;
				GCC_WARN_UNUSED_VARIABLE = YES;
				IPHONEOS_DEPLOYMENT_TARGET = 10.2;
				MTL_ENABLE_DEBUG_INFO = YES;
				ONLY_ACTIVE_ARCH = YES;
				SDKROOT = iphoneos;
			};
			name = Debug;
		};
		060566E81E361BD60027AF4D /* Release */ = {
			isa = XCBuildConfiguration;
			buildSettings = {
				ALWAYS_SEARCH_USER_PATHS = NO;
				CLANG_ANALYZER_NONNULL = YES;
				CLANG_CXX_LANGUAGE_STANDARD = "gnu++0x";
				CLANG_CXX_LIBRARY = "libc++";
				CLANG_ENABLE_MODULES = YES;
				CLANG_ENABLE_OBJC_ARC = YES;
				CLANG_WARN_BOOL_CONVERSION = YES;
				CLANG_WARN_CONSTANT_CONVERSION = YES;
				CLANG_WARN_DIRECT_OBJC_ISA_USAGE = YES_ERROR;
				CLANG_WARN_DOCUMENTATION_COMMENTS = YES;
				CLANG_WARN_EMPTY_BODY = YES;
				CLANG_WARN_ENUM_CONVERSION = YES;
				CLANG_WARN_INFINITE_RECURSION = YES;
				CLANG_WARN_INT_CONVERSION = YES;
				CLANG_WARN_OBJC_ROOT_CLASS = YES_ERROR;
				CLANG_WARN_SUSPICIOUS_MOVE = YES;
				CLANG_WARN_UNREACHABLE_CODE = YES;
				CLANG_WARN__DUPLICATE_METHOD_MATCH = YES;
				"CODE_SIGN_IDENTITY[sdk=iphoneos*]" = "iPhone Developer";
				COPY_PHASE_STRIP = NO;
				DEBUG_INFORMATION_FORMAT = "dwarf-with-dsym";
				ENABLE_NS_ASSERTIONS = NO;
				ENABLE_STRICT_OBJC_MSGSEND = YES;
				GCC_C_LANGUAGE_STANDARD = gnu99;
				GCC_NO_COMMON_BLOCKS = YES;
				GCC_WARN_64_TO_32_BIT_CONVERSION = YES;
				GCC_WARN_ABOUT_RETURN_TYPE = YES_ERROR;
				GCC_WARN_UNDECLARED_SELECTOR = YES;
				GCC_WARN_UNINITIALIZED_AUTOS = YES_AGGRESSIVE;
				GCC_WARN_UNUSED_FUNCTION = YES;
				GCC_WARN_UNUSED_VARIABLE = YES;
				IPHONEOS_DEPLOYMENT_TARGET = 10.2;
				MTL_ENABLE_DEBUG_INFO = NO;
				SDKROOT = iphoneos;
				VALIDATE_PRODUCT = YES;
			};
			name = Release;
		};
		060566EA1E361BD60027AF4D /* Debug */ = {
			isa = XCBuildConfiguration;
			buildSettings = {
				ASSETCATALOG_COMPILER_APPICON_NAME = AppIcon;
				DEVELOPMENT_TEAM = E4UBA9DDBW;
				INFOPLIST_FILE = ScrollViewDemo/Info.plist;
				LD_RUNPATH_SEARCH_PATHS = "$(inherited) @executable_path/Frameworks";
				PRODUCT_BUNDLE_IDENTIFIER = com.huaren.ScrollViewDemo;
				PRODUCT_NAME = "$(TARGET_NAME)";
			};
			name = Debug;
		};
		060566EB1E361BD60027AF4D /* Release */ = {
			isa = XCBuildConfiguration;
			buildSettings = {
				ASSETCATALOG_COMPILER_APPICON_NAME = AppIcon;
				DEVELOPMENT_TEAM = E4UBA9DDBW;
				INFOPLIST_FILE = ScrollViewDemo/Info.plist;
				LD_RUNPATH_SEARCH_PATHS = "$(inherited) @executable_path/Frameworks";
				PRODUCT_BUNDLE_IDENTIFIER = com.huaren.ScrollViewDemo;
				PRODUCT_NAME = "$(TARGET_NAME)";
			};
			name = Release;
		};
/* End XCBuildConfiguration section */

/* Begin XCConfigurationList section */
		060566CD1E361BD60027AF4D /* Build configuration list for PBXProject "ScrollViewDemo" */ = {
			isa = XCConfigurationList;
			buildConfigurations = (
				060566E71E361BD60027AF4D /* Debug */,
				060566E81E361BD60027AF4D /* Release */,
			);
			defaultConfigurationIsVisible = 0;
			defaultConfigurationName = Release;
		};
		060566E91E361BD60027AF4D /* Build configuration list for PBXNativeTarget "ScrollViewDemo" */ = {
			isa = XCConfigurationList;
			buildConfigurations = (
				060566EA1E361BD60027AF4D /* Debug */,
				060566EB1E361BD60027AF4D /* Release */,
			);
			defaultConfigurationIsVisible = 0;
			defaultConfigurationName = Release;
		};
/* End XCConfigurationList section */
	};
	rootObject = 060566CA1E361BD60027AF4D /* Project object */;
}
